
Microsoft Visual Studio Solution File, Format Version 12.00
# Visual Studio Version 16
VisualStudioVersion = 16.0.30621.155
MinimumVisualStudioVersion = 10.0.40219.1
Project("{9A19103F-16F7-4668-BE54-9A1E7A4F7556}") = "BlazorEcommerce", "BlazorEcommerce\BlazorEcommerce.csproj", "{E99FCAC3-97B8-477D-BA9F-C584F0E657DD}"
EndProject
Project("{9A19103F-16F7-4668-BE54-9A1E7A4F7556}") = "BlazorEcommerce.CoreBusiness", "eShop.CoreBusiness\BlazorEcommerce.CoreBusiness.csproj", "{C36E89A6-3F81-4D2E-A08D-76CB08D09F4B}"
EndProject
Project("{9A19103F-16F7-4668-BE54-9A1E7A4F7556}") = "BlazorEcommerce.UseCases", "BlazorEcommerce.UseCases\BlazorEcommerce.UseCases.csproj", "{92732095-66A3-473D-9770-DEC789BCFF75}"
EndProject
Project("{9A19103F-16F7-4668-BE54-9A1E7A4F7556}") = "BlazorEcommerce.DataStore.HardCoded", "BlazorEcommerce.DataStore.HardCoded\BlazorEcommerce.DataStore.HardCoded.csproj", "{AA5D9742-BA78-47E1-B323-F8902A3EAE1E}"
EndProject
Global
	GlobalSection(SolutionConfigurationPlatforms) = preSolution
		Debug|Any CPU = Debug|Any CPU
		Release|Any CPU = Release|Any CPU
	EndGlobalSection
	GlobalSection(ProjectConfigurationPlatforms) = postSolution
		{E99FCAC3-97B8-477D-BA9F-C584F0E657DD}.Debug|Any CPU.ActiveCfg = Debug|Any CPU
		{E99FCAC3-97B8-477D-BA9F-C584F0E657DD}.Debug|Any CPU.Build.0 = Debug|Any CPU
		{E99FCAC3-97B8-477D-BA9F-C584F0E657DD}.Release|Any CPU.ActiveCfg = Release|Any CPU
		{E99FCAC3-97B8-477D-BA9F-C584F0E657DD}.Release|Any CPU.Build.0 = Release|Any CPU
		{C36E89A6-3F81-4D2E-A08D-76CB08D09F4B}.Debug|Any CPU.ActiveCfg = Debug|Any CPU
		{C36E89A6-3F81-4D2E-A08D-76CB08D09F4B}.Debug|Any CPU.Build.0 = Debug|Any CPU
		{C36E89A6-3F81-4D2E-A08D-76CB08D09F4B}.Release|Any CPU.ActiveCfg = Release|Any CPU
		{C36E89A6-3F81-4D2E-A08D-76CB08D09F4B}.Release|Any CPU.Build.0 = Release|Any CPU
		{92732095-66A3-473D-9770-DEC789BCFF75}.Debug|Any CPU.ActiveCfg = Debug|Any CPU
		{92732095-66A3-473D-9770-DEC789BCFF75}.Debug|Any CPU.Build.0 = Debug|Any CPU
		{92732095-66A3-473D-9770-DEC789BCFF75}.Release|Any CPU.ActiveCfg = Release|Any CPU
		{92732095-66A3-473D-9770-DEC789BCFF75}.Release|Any CPU.Build.0 = Release|Any CPU
		{AA5D9742-BA78-47E1-B323-F8902A3EAE1E}.Debug|Any CPU.ActiveCfg = Debug|Any CPU
		{AA5D9742-BA78-47E1-B323-F8902A3EAE1E}.Debug|Any CPU.Build.0 = Debug|Any CPU
		{AA5D9742-BA78-47E1-B323-F8902A3EAE1E}.Release|Any CPU.ActiveCfg = Release|Any CPU
		{AA5D9742-BA78-47E1-B323-F8902A3EAE1E}.Release|Any CPU.Build.0 = Release|Any CPU
	EndGlobalSection
	GlobalSection(SolutionProperties) = preSolution
		HideSolutionNode = FALSE
	EndGlobalSection
	GlobalSection(ExtensibilityGlobals) = postSolution
		SolutionGuid = {D3D5CCE5-A861-408C-B208-04E06CCE2FC9}
	EndGlobalSection
EndGlobal
